
Microsoft Visual Studio Solution File, Format Version 12.00
# Visual Studio Version 16
VisualStudioVersion = 16.0.29709.97
MinimumVisualStudioVersion = 10.0.40219.1
Project("{FAE04EC0-301F-11D3-BF4B-00C04F79EFBC}") = "4asikii", "4asikii\4asikii.csproj", "{815C2A74-A77B-4CB2-A22E-A1D3FB693DD9}"
EndProject
Global
	GlobalSection(SolutionConfigurationPlatforms) = preSolution
		Debug|Any CPU = Debug|Any CPU
		Release|Any CPU = Release|Any CPU
	EndGlobalSection
	GlobalSection(ProjectConfigurationPlatforms) = postSolution
		{815C2A74-A77B-4CB2-A22E-A1D3FB693DD9}.Debug|Any CPU.ActiveCfg = Debug|Any CPU
		{815C2A74-A77B-4CB2-A22E-A1D3FB693DD9}.Debug|Any CPU.Build.0 = Debug|Any CPU
		{815C2A74-A77B-4CB2-A22E-A1D3FB693DD9}.Release|Any CPU.ActiveCfg = Release|Any CPU
		{815C2A74-A77B-4CB2-A22E-A1D3FB693DD9}.Release|Any CPU.Build.0 = Release|Any CPU
	EndGlobalSection
	GlobalSection(SolutionProperties) = preSolution
		HideSolutionNode = FALSE
	EndGlobalSection
	GlobalSection(ExtensibilityGlobals) = postSolution
		SolutionGuid = {8D1E0C71-E790-4ABA-9CCC-9F9FA9144F88}
	EndGlobalSection
EndGlobal
